// !$*UTF8*$!
{
	archiveVersion = 1;
	classes = {
	};
	objectVersion = 56;
	objects = {

/* Begin PBXBuildFile section */
		704EB9F02BAB4E5C0042551D /* ToDoApp.swift in Sources */ = {isa = PBXBuildFile; fileRef = 704EB9EF2BAB4E5C0042551D /* ToDoApp.swift */; };
		704EB9F22BAB4E5C0042551D /* ContentView.swift in Sources */ = {isa = PBXBuildFile; fileRef = 704EB9F12BAB4E5C0042551D /* ContentView.swift */; };
		704EB9F42BAB4E5F0042551D /* Assets.xcassets in Resources */ = {isa = PBXBuildFile; fileRef = 704EB9F32BAB4E5F0042551D /* Assets.xcassets */; };
		704EB9F72BAB4E5F0042551D /* Preview Assets.xcassets in Resources */ = {isa = PBXBuildFile; fileRef = 704EB9F62BAB4E5F0042551D /* Preview Assets.xcassets */; };
		70FB50A52BAB571D007519B8 /* PersistanceController.swift in Sources */ = {isa = PBXBuildFile; fileRef = 70FB50A42BAB571D007519B8 /* PersistanceController.swift */; };
		70FB50AB2BAB5CB5007519B8 /* ToDoModel.xcdatamodeld in Sources */ = {isa = PBXBuildFile; fileRef = 70FB50A92BAB5CB5007519B8 /* ToDoModel.xcdatamodeld */; };
		70FB50BF2BAB675A007519B8 /* TodoDetailViews.swift in Sources */ = {isa = PBXBuildFile; fileRef = 70FB50BE2BAB675A007519B8 /* TodoDetailViews.swift */; };
		70FB50C12BAB6778007519B8 /* todo.swift in Sources */ = {isa = PBXBuildFile; fileRef = 70FB50C02BAB6777007519B8 /* todo.swift */; };
		70FB50C42BAB70F5007519B8 /* CalendarView.swift in Sources */ = {isa = PBXBuildFile; fileRef = 70FB50C32BAB70F4007519B8 /* CalendarView.swift */; };
/* End PBXBuildFile section */

/* Begin PBXFileReference section */
		704EB9EC2BAB4E5C0042551D /* ToDo.app */ = {isa = PBXFileReference; explicitFileType = wrapper.application; includeInIndex = 0; path = ToDo.app; sourceTree = BUILT_PRODUCTS_DIR; };
		704EB9EF2BAB4E5C0042551D /* ToDoApp.swift */ = {isa = PBXFileReference; lastKnownFileType = sourcecode.swift; path = ToDoApp.swift; sourceTree = "<group>"; };
		704EB9F12BAB4E5C0042551D /* ContentView.swift */ = {isa = PBXFileReference; lastKnownFileType = sourcecode.swift; path = ContentView.swift; sourceTree = "<group>"; };
		704EB9F32BAB4E5F0042551D /* Assets.xcassets */ = {isa = PBXFileReference; lastKnownFileType = folder.assetcatalog; path = Assets.xcassets; sourceTree = "<group>"; };
		704EB9F62BAB4E5F0042551D /* Preview Assets.xcassets */ = {isa = PBXFileReference; lastKnownFileType = folder.assetcatalog; path = "Preview Assets.xcassets"; sourceTree = "<group>"; };
		70FB50A42BAB571D007519B8 /* PersistanceController.swift */ = {isa = PBXFileReference; lastKnownFileType = sourcecode.swift; path = PersistanceController.swift; sourceTree = "<group>"; };
		70FB50AA2BAB5CB5007519B8 /* ToDoModel.xcdatamodel */ = {isa = PBXFileReference; lastKnownFileType = wrapper.xcdatamodel; path = ToDoModel.xcdatamodel; sourceTree = "<group>"; };
		70FB50BE2BAB675A007519B8 /* TodoDetailViews.swift */ = {isa = PBXFileReference; lastKnownFileType = sourcecode.swift; path = TodoDetailViews.swift; sourceTree = "<group>"; };
		70FB50C02BAB6777007519B8 /* todo.swift */ = {isa = PBXFileReference; lastKnownFileType = sourcecode.swift; path = todo.swift; sourceTree = "<group>"; };
		70FB50C32BAB70F4007519B8 /* CalendarView.swift */ = {isa = PBXFileReference; lastKnownFileType = sourcecode.swift; path = CalendarView.swift; sourceTree = "<group>"; };
/* End PBXFileReference section */

/* Begin PBXFrameworksBuildPhase section */
		704EB9E92BAB4E5C0042551D /* Frameworks */ = {
			isa = PBXFrameworksBuildPhase;
			buildActionMask = 2147483647;
			files = (
			);
			runOnlyForDeploymentPostprocessing = 0;
		};
/* End PBXFrameworksBuildPhase section */

/* Begin PBXGroup section */
		704EB9E32BAB4E5C0042551D = {
			isa = PBXGroup;
			children = (
				704EB9EE2BAB4E5C0042551D /* ToDo */,
				704EB9ED2BAB4E5C0042551D /* Products */,
			);
			sourceTree = "<group>";
		};
		704EB9ED2BAB4E5C0042551D /* Products */ = {
			isa = PBXGroup;
			children = (
				704EB9EC2BAB4E5C0042551D /* ToDo.app */,
			);
			name = Products;
			sourceTree = "<group>";
		};
		704EB9EE2BAB4E5C0042551D /* ToDo */ = {
			isa = PBXGroup;
			children = (
				70FB50C22BAB6AE9007519B8 /* views */,
				70FB50A12BAB54EE007519B8 /* model */,
				704EB9EF2BAB4E5C0042551D /* ToDoApp.swift */,
				704EB9F32BAB4E5F0042551D /* Assets.xcassets */,
				704EB9F52BAB4E5F0042551D /* Preview Content */,
				70FB50A42BAB571D007519B8 /* PersistanceController.swift */,
				70FB50A92BAB5CB5007519B8 /* ToDoModel.xcdatamodeld */,
			);
			path = ToDo;
			sourceTree = "<group>";
		};
		704EB9F52BAB4E5F0042551D /* Preview Content */ = {
			isa = PBXGroup;
			children = (
				704EB9F62BAB4E5F0042551D /* Preview Assets.xcassets */,
			);
			path = "Preview Content";
			sourceTree = "<group>";
		};
		70FB50A12BAB54EE007519B8 /* model */ = {
			isa = PBXGroup;
			children = (
				70FB50C02BAB6777007519B8 /* todo.swift */,
			);
			path = model;
			sourceTree = "<group>";
		};
		70FB50C22BAB6AE9007519B8 /* views */ = {
			isa = PBXGroup;
			children = (
				70FB50BE2BAB675A007519B8 /* TodoDetailViews.swift */,
				704EB9F12BAB4E5C0042551D /* ContentView.swift */,
				70FB50C32BAB70F4007519B8 /* CalendarView.swift */,
			);
			path = views;
			sourceTree = "<group>";
		};
/* End PBXGroup section */

/* Begin PBXNativeTarget section */
		704EB9EB2BAB4E5C0042551D /* ToDo */ = {
			isa = PBXNativeTarget;
			buildConfigurationList = 704EB9FA2BAB4E5F0042551D /* Build configuration list for PBXNativeTarget "ToDo" */;
			buildPhases = (
				704EB9E82BAB4E5C0042551D /* Sources */,
				704EB9E92BAB4E5C0042551D /* Frameworks */,
				704EB9EA2BAB4E5C0042551D /* Resources */,
			);
			buildRules = (
			);
			dependencies = (
			);
			name = ToDo;
			productName = ToDo;
			productReference = 704EB9EC2BAB4E5C0042551D /* ToDo.app */;
			productType = "com.apple.product-type.application";
		};
/* End PBXNativeTarget section */

/* Begin PBXProject section */
		704EB9E42BAB4E5C0042551D /* Project object */ = {
			isa = PBXProject;
			attributes = {
				BuildIndependentTargetsInParallel = 1;
				LastSwiftUpdateCheck = 1520;
				LastUpgradeCheck = 1520;
				TargetAttributes = {
					704EB9EB2BAB4E5C0042551D = {
						CreatedOnToolsVersion = 15.2;
					};
				};
			};
			buildConfigurationList = 704EB9E72BAB4E5C0042551D /* Build configuration list for PBXProject "ToDo" */;
			compatibilityVersion = "Xcode 14.0";
			developmentRegion = en;
			hasScannedForEncodings = 0;
			knownRegions = (
				en,
				Base,
			);
			mainGroup = 704EB9E32BAB4E5C0042551D;
			productRefGroup = 704EB9ED2BAB4E5C0042551D /* Products */;
			projectDirPath = "";
			projectRoot = "";
			targets = (
				704EB9EB2BAB4E5C0042551D /* ToDo */,
			);
		};
/* End PBXProject section */

/* Begin PBXResourcesBuildPhase section */
		704EB9EA2BAB4E5C0042551D /* Resources */ = {
			isa = PBXResourcesBuildPhase;
			buildActionMask = 2147483647;
			files = (
				704EB9F72BAB4E5F0042551D /* Preview Assets.xcassets in Resources */,
				704EB9F42BAB4E5F0042551D /* Assets.xcassets in Resources */,
			);
			runOnlyForDeploymentPostprocessing = 0;
		};
/* End PBXResourcesBuildPhase section */

/* Begin PBXSourcesBuildPhase section */
		704EB9E82BAB4E5C0042551D /* Sources */ = {
			isa = PBXSourcesBuildPhase;
			buildActionMask = 2147483647;
			files = (
				70FB50BF2BAB675A007519B8 /* TodoDetailViews.swift in Sources */,
				70FB50C42BAB70F5007519B8 /* CalendarView.swift in Sources */,
				704EB9F22BAB4E5C0042551D /* ContentView.swift in Sources */,
				704EB9F02BAB4E5C0042551D /* ToDoApp.swift in Sources */,
				70FB50C12BAB6778007519B8 /* todo.swift in Sources */,
				70FB50A52BAB571D007519B8 /* PersistanceController.swift in Sources */,
				70FB50AB2BAB5CB5007519B8 /* ToDoModel.xcdatamodeld in Sources */,
			);
			runOnlyForDeploymentPostprocessing = 0;
		};
/* End PBXSourcesBuildPhase section */

/* Begin XCBuildConfiguration section */
		704EB9F82BAB4E5F0042551D /* Debug */ = {
			isa = XCBuildConfiguration;
			buildSettings = {
				ALWAYS_SEARCH_USER_PATHS = NO;
				ASSETCATALOG_COMPILER_GENERATE_SWIFT_ASSET_SYMBOL_EXTENSIONS = YES;
				CLANG_ANALYZER_NONNULL = YES;
				CLANG_ANALYZER_NUMBER_OBJECT_CONVERSION = YES_AGGRESSIVE;
				CLANG_CXX_LANGUAGE_STANDARD = "gnu++20";
				CLANG_ENABLE_MODULES = YES;
				CLANG_ENABLE_OBJC_ARC = YES;
				CLANG_ENABLE_OBJC_WEAK = YES;
				CLANG_WARN_BLOCK_CAPTURE_AUTORELEASING = YES;
				CLANG_WARN_BOOL_CONVERSION = YES;
				CLANG_WARN_COMMA = YES;
				CLANG_WARN_CONSTANT_CONVERSION = YES;
				CLANG_WARN_DEPRECATED_OBJC_IMPLEMENTATIONS = YES;
				CLANG_WARN_DIRECT_OBJC_ISA_USAGE = YES_ERROR;
				CLANG_WARN_DOCUMENTATION_COMMENTS = YES;
				CLANG_WARN_EMPTY_BODY = YES;
				CLANG_WARN_ENUM_CONVERSION = YES;
				CLANG_WARN_INFINITE_RECURSION = YES;
				CLANG_WARN_INT_CONVERSION = YES;
				CLANG_WARN_NON_LITERAL_NULL_CONVERSION = YES;
				CLANG_WARN_OBJC_IMPLICIT_RETAIN_SELF = YES;
				CLANG_WARN_OBJC_LITERAL_CONVERSION = YES;
				CLANG_WARN_OBJC_ROOT_CLASS = YES_ERROR;
				CLANG_WARN_QUOTED_INCLUDE_IN_FRAMEWORK_HEADER = YES;
				CLANG_WARN_RANGE_LOOP_ANALYSIS = YES;
				CLANG_WARN_STRICT_PROTOTYPES = YES;
				CLANG_WARN_SUSPICIOUS_MOVE = YES;
				CLANG_WARN_UNGUARDED_AVAILABILITY = YES_AGGRESSIVE;
				CLANG_WARN_UNREACHABLE_CODE = YES;
				CLANG_WARN__DUPLICATE_METHOD_MATCH = YES;
				COPY_PHASE_STRIP = NO;
				DEBUG_INFORMATION_FORMAT = dwarf;
				ENABLE_STRICT_OBJC_MSGSEND = YES;
				ENABLE_TESTABILITY = YES;
				ENABLE_USER_SCRIPT_SANDBOXING = YES;
				GCC_C_LANGUAGE_STANDARD = gnu17;
				GCC_DYNAMIC_NO_PIC = NO;
				GCC_NO_COMMON_BLOCKS = YES;
				GCC_OPTIMIZATION_LEVEL = 0;
				GCC_PREPROCESSOR_DEFINITIONS = (
					"DEBUG=1",
					"$(inherited)",
				);
				GCC_WARN_64_TO_32_BIT_CONVERSION = YES;
				GCC_WARN_ABOUT_RETURN_TYPE = YES_ERROR;
				GCC_WARN_UNDECLARED_SELECTOR = YES;
				GCC_WARN_UNINITIALIZED_AUTOS = YES_AGGRESSIVE;
				GCC_WARN_UNUSED_FUNCTION = YES;
				GCC_WARN_UNUSED_VARIABLE = YES;
				IPHONEOS_DEPLOYMENT_TARGET = 17.2;
				LOCALIZATION_PREFERS_STRING_CATALOGS = YES;
				MTL_ENABLE_DEBUG_INFO = INCLUDE_SOURCE;
				MTL_FAST_MATH = YES;
				ONLY_ACTIVE_ARCH = YES;
				SDKROOT = iphoneos;
				SWIFT_ACTIVE_COMPILATION_CONDITIONS = "DEBUG $(inherited)";
				SWIFT_OPTIMIZATION_LEVEL = "-Onone";
			};
			name = Debug;
		};
		704EB9F92BAB4E5F0042551D /* Release */ = {
			isa = XCBuildConfiguration;
			buildSettings = {
				ALWAYS_SEARCH_USER_PATHS = NO;
				ASSETCATALOG_COMPILER_GENERATE_SWIFT_ASSET_SYMBOL_EXTENSIONS = YES;
				CLANG_ANALYZER_NONNULL = YES;
				CLANG_ANALYZER_NUMBER_OBJECT_CONVERSION = YES_AGGRESSIVE;
				CLANG_CXX_LANGUAGE_STANDARD = "gnu++20";
				CLANG_ENABLE_MODULES = YES;
				CLANG_ENABLE_OBJC_ARC = YES;
				CLANG_ENABLE_OBJC_WEAK = YES;
				CLANG_WARN_BLOCK_CAPTURE_AUTORELEASING = YES;
				CLANG_WARN_BOOL_CONVERSION = YES;
				CLANG_WARN_COMMA = YES;
				CLANG_WARN_CONSTANT_CONVERSION = YES;
				CLANG_WARN_DEPRECATED_OBJC_IMPLEMENTATIONS = YES;
				CLANG_WARN_DIRECT_OBJC_ISA_USAGE = YES_ERROR;
				CLANG_WARN_DOCUMENTATION_COMMENTS = YES;
				CLANG_WARN_EMPTY_BODY = YES;
				CLANG_WARN_ENUM_CONVERSION = YES;
				CLANG_WARN_INFINITE_RECURSION = YES;
				CLANG_WARN_INT_CONVERSION = YES;
				CLANG_WARN_NON_LITERAL_NULL_CONVERSION = YES;
				CLANG_WARN_OBJC_IMPLICIT_RETAIN_SELF = YES;
				CLANG_WARN_OBJC_LITERAL_CONVERSION = YES;
				CLANG_WARN_OBJC_ROOT_CLASS = YES_ERROR;
				CLANG_WARN_QUOTED_INCLUDE_IN_FRAMEWORK_HEADER = YES;
				CLANG_WARN_RANGE_LOOP_ANALYSIS = YES;
				CLANG_WARN_STRICT_PROTOTYPES = YES;
				CLANG_WARN_SUSPICIOUS_MOVE = YES;
				CLANG_WARN_UNGUARDED_AVAILABILITY = YES_AGGRESSIVE;
				CLANG_WARN_UNREACHABLE_CODE = YES;
				CLANG_WARN__DUPLICATE_METHOD_MATCH = YES;
				COPY_PHASE_STRIP = NO;
				DEBUG_INFORMATION_FORMAT = "dwarf-with-dsym";
				ENABLE_NS_ASSERTIONS = NO;
				ENABLE_STRICT_OBJC_MSGSEND = YES;
				ENABLE_USER_SCRIPT_SANDBOXING = YES;
				GCC_C_LANGUAGE_STANDARD = gnu17;
				GCC_NO_COMMON_BLOCKS = YES;
				GCC_WARN_64_TO_32_BIT_CONVERSION = YES;
				GCC_WARN_ABOUT_RETURN_TYPE = YES_ERROR;
				GCC_WARN_UNDECLARED_SELECTOR = YES;
				GCC_WARN_UNINITIALIZED_AUTOS = YES_AGGRESSIVE;
				GCC_WARN_UNUSED_FUNCTION = YES;
				GCC_WARN_UNUSED_VARIABLE = YES;
				IPHONEOS_DEPLOYMENT_TARGET = 17.2;
				LOCALIZATION_PREFERS_STRING_CATALOGS = YES;
				MTL_ENABLE_DEBUG_INFO = NO;
				MTL_FAST_MATH = YES;
				SDKROOT = iphoneos;
				SWIFT_COMPILATION_MODE = wholemodule;
				VALIDATE_PRODUCT = YES;
			};
			name = Release;
		};
		704EB9FB2BAB4E5F0042551D /* Debug */ = {
			isa = XCBuildConfiguration;
			buildSettings = {
				ASSETCATALOG_COMPILER_APPICON_NAME = AppIcon;
				ASSETCATALOG_COMPILER_GLOBAL_ACCENT_COLOR_NAME = AccentColor;
				CODE_SIGN_STYLE = Automatic;
				CURRENT_PROJECT_VERSION = 1;
				DEVELOPMENT_ASSET_PATHS = "\"ToDo/Preview Content\"";
				DEVELOPMENT_TEAM = H8Z8CVPP87;
				ENABLE_PREVIEWS = YES;
				GENERATE_INFOPLIST_FILE = YES;
				INFOPLIST_KEY_UIApplicationSceneManifest_Generation = YES;
				INFOPLIST_KEY_UIApplicationSupportsIndirectInputEvents = YES;
				INFOPLIST_KEY_UILaunchScreen_Generation = YES;
				INFOPLIST_KEY_UISupportedInterfaceOrientations_iPad = "UIInterfaceOrientationPortrait UIInterfaceOrientationPortraitUpsideDown UIInterfaceOrientationLandscapeLeft UIInterfaceOrientationLandscapeRight";
				INFOPLIST_KEY_UISupportedInterfaceOrientations_iPhone = "UIInterfaceOrientationPortrait UIInterfaceOrientationLandscapeLeft UIInterfaceOrientationLandscapeRight";
				LD_RUNPATH_SEARCH_PATHS = (
					"$(inherited)",
					"@executable_path/Frameworks",
				);
				MARKETING_VERSION = 1.0;
				PRODUCT_BUNDLE_IDENTIFIER = dev.ToDo;
				PRODUCT_NAME = "$(TARGET_NAME)";
				SWIFT_EMIT_LOC_STRINGS = YES;
				SWIFT_VERSION = 5.0;
				TARGETED_DEVICE_FAMILY = "1,2";
			};
			name = Debug;
		};
		704EB9FC2BAB4E5F0042551D /* Release */ = {
			isa = XCBuildConfiguration;
			buildSettings = {
				ASSETCATALOG_COMPILER_APPICON_NAME = AppIcon;
				ASSETCATALOG_COMPILER_GLOBAL_ACCENT_COLOR_NAME = AccentColor;
				CODE_SIGN_STYLE = Automatic;
				CURRENT_PROJECT_VERSION = 1;
				DEVELOPMENT_ASSET_PATHS = "\"ToDo/Preview Content\"";
				DEVELOPMENT_TEAM = H8Z8CVPP87;
				ENABLE_PREVIEWS = YES;
				GENERATE_INFOPLIST_FILE = YES;
				INFOPLIST_KEY_UIApplicationSceneManifest_Generation = YES;
				INFOPLIST_KEY_UIApplicationSupportsIndirectInputEvents = YES;
				INFOPLIST_KEY_UILaunchScreen_Generation = YES;
				INFOPLIST_KEY_UISupportedInterfaceOrientations_iPad = "UIInterfaceOrientationPortrait UIInterfaceOrientationPortraitUpsideDown UIInterfaceOrientationLandscapeLeft UIInterfaceOrientationLandscapeRight";
				INFOPLIST_KEY_UISupportedInterfaceOrientations_iPhone = "UIInterfaceOrientationPortrait UIInterfaceOrientationLandscapeLeft UIInterfaceOrientationLandscapeRight";
				LD_RUNPATH_SEARCH_PATHS = (
					"$(inherited)",
					"@executable_path/Frameworks",
				);
				MARKETING_VERSION = 1.0;
				PRODUCT_BUNDLE_IDENTIFIER = dev.ToDo;
				PRODUCT_NAME = "$(TARGET_NAME)";
				SWIFT_EMIT_LOC_STRINGS = YES;
				SWIFT_VERSION = 5.0;
				TARGETED_DEVICE_FAMILY = "1,2";
			};
			name = Release;
		};
/* End XCBuildConfiguration section */

/* Begin XCConfigurationList section */
		704EB9E72BAB4E5C0042551D /* Build configuration list for PBXProject "ToDo" */ = {
			isa = XCConfigurationList;
			buildConfigurations = (
				704EB9F82BAB4E5F0042551D /* Debug */,
				704EB9F92BAB4E5F0042551D /* Release */,
			);
			defaultConfigurationIsVisible = 0;
			defaultConfigurationName = Release;
		};
		704EB9FA2BAB4E5F0042551D /* Build configuration list for PBXNativeTarget "ToDo" */ = {
			isa = XCConfigurationList;
			buildConfigurations = (
				704EB9FB2BAB4E5F0042551D /* Debug */,
				704EB9FC2BAB4E5F0042551D /* Release */,
			);
			defaultConfigurationIsVisible = 0;
			defaultConfigurationName = Release;
		};
/* End XCConfigurationList section */

/* Begin XCVersionGroup section */
		70FB50A92BAB5CB5007519B8 /* ToDoModel.xcdatamodeld */ = {
			isa = XCVersionGroup;
			children = (
				70FB50AA2BAB5CB5007519B8 /* ToDoModel.xcdatamodel */,
			);
			currentVersion = 70FB50AA2BAB5CB5007519B8 /* ToDoModel.xcdatamodel */;
			path = ToDoModel.xcdatamodeld;
			sourceTree = "<group>";
			versionGroupType = wrapper.xcdatamodel;
		};
/* End XCVersionGroup section */
	};
	rootObject = 704EB9E42BAB4E5C0042551D /* Project object */;
}
